dependencies:
  espressif/cmake_utilities:
    component_hash: 351350613ceafba240b761b4ea991e0f231ac7a9f59a9ee901f751bddc0bb18f
    source:
      service_url: https://api.components.espressif.com/
      type: service
    version: 0.5.3
  espressif/esp-now:
    component_hash: 5ad630168194ad0134b28194852dda1616a1231680ef477cc6e0fc5eb5fc6233
    source:
      service_url: https://api.components.espressif.com/
      type: service
    version: 2.5.1
  idf:
    component_hash: null
    source:
      type: idf
    version: 4.4.6
  leeebo/tinyusb_src:
    component_hash: f9d730e3145f97949745e6432a9114c5f114c3bcde273b167ece4de7b9243927
    source:
      service_url: https://api.components.espressif.com/
      type: service
    version: 0.16.0~4
manifest_hash: 757ffdd1f72d060667a404560cb6428aa61b2fd425c30f13d51741db70d4bd55
target: esp32s3
version: 1.0.0
