dependencies:
  espressif/cmake_utilities:
    component_hash: 351350613ceafba240b761b4ea991e0f231ac7a9f59a9ee901f751bddc0bb18f
    source:
      service_url: https://api.components.espressif.com/
      type: service
    version: 0.5.3
  espressif/esp-now:
    component_hash: 7355037518944af5d0ea20fe48aa0a8cf82081599b6fbd83f086ee8b39df87c1
    source:
      service_url: https://api.components.espressif.com/
      type: service
    version: 2.4.0
  idf:
    component_hash: null
    source:
      type: idf
    version: 4.4.6
manifest_hash: 4152ab7064ca9cbbd8d1d8f29a55ce717a41aec30188ca3c34b7db8227f03084
target: esp32s3
version: 1.0.0
