dependencies:
  espressif/cmake_utilities:
    component_hash: 351350613ceafba240b761b4ea991e0f231ac7a9f59a9ee901f751bddc0bb18f
    source:
      service_url: https://api.components.espressif.com/
      type: service
    version: 0.5.3
  espressif/esp-now:
    component_hash: 7355037518944af5d0ea20fe48aa0a8cf82081599b6fbd83f086ee8b39df87c1
    source:
      service_url: https://api.components.espressif.com/
      type: service
    version: 2.4.0
  idf:
    component_hash: null
    source:
      type: idf
    version: 4.4.6
  leeebo/tinyusb_src:
    component_hash: 117cb2432654d6f194e0a9a47f87e5f3143312c8b4897601d7b3b9651757734f
    source:
      service_url: https://api.components.espressif.com/
      type: service
    version: 0.15.0~7
manifest_hash: b6597783385c4b38496cd80e4e82d7c706daa89f68f0c09c37f36971218c34c5
target: esp32s3
version: 1.0.0
